
Microsoft Visual Studio Solution File, Format Version 12.00
# Visual Studio Version 17
VisualStudioVersion = 17.6.33801.468
MinimumVisualStudioVersion = 10.0.40219.1
Project("{9A19103F-16F7-4668-BE54-9A1E7A4F7556}") = "Integrator.Web.Blazor.Server", "Integrator.Web.Blazor\Server\Integrator.Web.Blazor.Server.csproj", "{5817554F-0E24-47C5-94AA-1722DB522D6B}"
EndProject
Project("{9A19103F-16F7-4668-BE54-9A1E7A4F7556}") = "Integrator.Web.Blazor.Client", "Integrator.Web.Blazor\Client\Integrator.Web.Blazor.Client.csproj", "{94CB7E48-588D-4C9E-80FB-A278B50E8121}"
EndProject
Project("{9A19103F-16F7-4668-BE54-9A1E7A4F7556}") = "Integrator.Web.Blazor.Shared", "Integrator.Web.Blazor\Shared\Integrator.Web.Blazor.Shared.csproj", "{F3478E9B-6F7E-4D8A-8F08-55AC41AA2075}"
EndProject
Project("{9A19103F-16F7-4668-BE54-9A1E7A4F7556}") = "Integrator.Console", "Integrator.Console\Integrator.Console.csproj", "{EE6C01D5-C48A-45C2-9BBC-40E441DF8DA5}"
EndProject
Project("{FAE04EC0-301F-11D3-BF4B-00C04F79EFBC}") = "Integrator.Data", "Integrator.Data\Integrator.Data.csproj", "{118CD43B-FC31-4BD2-8B2B-3A65C6AB6FDD}"
EndProject
Global
	GlobalSection(SolutionConfigurationPlatforms) = preSolution
		Debug|Any CPU = Debug|Any CPU
		Release|Any CPU = Release|Any CPU
	EndGlobalSection
	GlobalSection(ProjectConfigurationPlatforms) = postSolution
		{5817554F-0E24-47C5-94AA-1722DB522D6B}.Debug|Any CPU.ActiveCfg = Debug|Any CPU
		{5817554F-0E24-47C5-94AA-1722DB522D6B}.Debug|Any CPU.Build.0 = Debug|Any CPU
		{5817554F-0E24-47C5-94AA-1722DB522D6B}.Release|Any CPU.ActiveCfg = Release|Any CPU
		{5817554F-0E24-47C5-94AA-1722DB522D6B}.Release|Any CPU.Build.0 = Release|Any CPU
		{94CB7E48-588D-4C9E-80FB-A278B50E8121}.Debug|Any CPU.ActiveCfg = Debug|Any CPU
		{94CB7E48-588D-4C9E-80FB-A278B50E8121}.Debug|Any CPU.Build.0 = Debug|Any CPU
		{94CB7E48-588D-4C9E-80FB-A278B50E8121}.Release|Any CPU.ActiveCfg = Release|Any CPU
		{94CB7E48-588D-4C9E-80FB-A278B50E8121}.Release|Any CPU.Build.0 = Release|Any CPU
		{F3478E9B-6F7E-4D8A-8F08-55AC41AA2075}.Debug|Any CPU.ActiveCfg = Debug|Any CPU
		{F3478E9B-6F7E-4D8A-8F08-55AC41AA2075}.Debug|Any CPU.Build.0 = Debug|Any CPU
		{F3478E9B-6F7E-4D8A-8F08-55AC41AA2075}.Release|Any CPU.ActiveCfg = Release|Any CPU
		{F3478E9B-6F7E-4D8A-8F08-55AC41AA2075}.Release|Any CPU.Build.0 = Release|Any CPU
		{EE6C01D5-C48A-45C2-9BBC-40E441DF8DA5}.Debug|Any CPU.ActiveCfg = Debug|Any CPU
		{EE6C01D5-C48A-45C2-9BBC-40E441DF8DA5}.Debug|Any CPU.Build.0 = Debug|Any CPU
		{EE6C01D5-C48A-45C2-9BBC-40E441DF8DA5}.Release|Any CPU.ActiveCfg = Release|Any CPU
		{EE6C01D5-C48A-45C2-9BBC-40E441DF8DA5}.Release|Any CPU.Build.0 = Release|Any CPU
		{118CD43B-FC31-4BD2-8B2B-3A65C6AB6FDD}.Debug|Any CPU.ActiveCfg = Debug|Any CPU
		{118CD43B-FC31-4BD2-8B2B-3A65C6AB6FDD}.Debug|Any CPU.Build.0 = Debug|Any CPU
		{118CD43B-FC31-4BD2-8B2B-3A65C6AB6FDD}.Release|Any CPU.ActiveCfg = Release|Any CPU
		{118CD43B-FC31-4BD2-8B2B-3A65C6AB6FDD}.Release|Any CPU.Build.0 = Release|Any CPU
	EndGlobalSection
	GlobalSection(SolutionProperties) = preSolution
		HideSolutionNode = FALSE
	EndGlobalSection
	GlobalSection(ExtensibilityGlobals) = postSolution
		SolutionGuid = {C6E5B130-E1D6-4673-AEC2-1337A77F4663}
	EndGlobalSection
EndGlobal
